// !$*UTF8*$!
{
	archiveVersion = 1;
	classes = {
	};
	objectVersion = 56;
	objects = {

/* Begin PBXBuildFile section */
		2A11658E2BCFE2AC008C5887 /* MainCollectionViewController+DataSource.swift in Sources */ = {isa = PBXBuildFile; fileRef = 2A11658D2BCFE2AC008C5887 /* MainCollectionViewController+DataSource.swift */; };
		2A3DEB002BCBE31300D8361E /* SearchController.swift in Sources */ = {isa = PBXBuildFile; fileRef = 2A3DEAFF2BCBE31300D8361E /* SearchController.swift */; };
		2A3DEB022BCBF06E00D8361E /* QueryItems.swift in Sources */ = {isa = PBXBuildFile; fileRef = 2A3DEB012BCBF06E00D8361E /* QueryItems.swift */; };
		2A3DEB042BCBF09400D8361E /* SearchRepositoryDelegate.swift in Sources */ = {isa = PBXBuildFile; fileRef = 2A3DEB032BCBF09400D8361E /* SearchRepositoryDelegate.swift */; };
		2A3DEB062BCBF0A800D8361E /* SearchRepository.swift in Sources */ = {isa = PBXBuildFile; fileRef = 2A3DEB052BCBF0A800D8361E /* SearchRepository.swift */; };
		2A3DEB082BCBF10E00D8361E /* SearchBarTextDelegate.swift in Sources */ = {isa = PBXBuildFile; fileRef = 2A3DEB072BCBF10E00D8361E /* SearchBarTextDelegate.swift */; };
		2A42F7ED2BC6A7590086D6F9 /* APIError.swift in Sources */ = {isa = PBXBuildFile; fileRef = 2A42F7EC2BC6A7590086D6F9 /* APIError.swift */; };
		2A7864672BD15E410085A764 /* StateManager.swift in Sources */ = {isa = PBXBuildFile; fileRef = 2A7864662BD15E410085A764 /* StateManager.swift */; };
		2A7BC42A2BC140D100022ACC /* ResultCollectionViewController.swift in Sources */ = {isa = PBXBuildFile; fileRef = 2A7BC4292BC140D100022ACC /* ResultCollectionViewController.swift */; };
		2A9E09B62BD7D07E00834C6E /* ErrorContext.swift in Sources */ = {isa = PBXBuildFile; fileRef = 2A9E09B52BD7D07E00834C6E /* ErrorContext.swift */; };
		2AA024C22BBFC29200E76693 /* AppDelegate.swift in Sources */ = {isa = PBXBuildFile; fileRef = 2AA024C12BBFC29200E76693 /* AppDelegate.swift */; };
		2AA024C42BBFC29200E76693 /* SceneDelegate.swift in Sources */ = {isa = PBXBuildFile; fileRef = 2AA024C32BBFC29200E76693 /* SceneDelegate.swift */; };
		2AA024C62BBFC29200E76693 /* MainCollectionViewController.swift in Sources */ = {isa = PBXBuildFile; fileRef = 2AA024C52BBFC29200E76693 /* MainCollectionViewController.swift */; };
		2AA024CB2BBFC29300E76693 /* Assets.xcassets in Resources */ = {isa = PBXBuildFile; fileRef = 2AA024CA2BBFC29300E76693 /* Assets.xcassets */; };
		2AA024CE2BBFC29300E76693 /* LaunchScreen.storyboard in Resources */ = {isa = PBXBuildFile; fileRef = 2AA024CC2BBFC29300E76693 /* LaunchScreen.storyboard */; };
		2AA024D62BBFC2A900E76693 /* .gitignore in Resources */ = {isa = PBXBuildFile; fileRef = 2AA024D52BBFC2A900E76693 /* .gitignore */; };
		2AA024DD2BBFCD5D00E76693 /* SearchScope.swift in Sources */ = {isa = PBXBuildFile; fileRef = 2AA024DC2BBFCD5D00E76693 /* SearchScope.swift */; };
		2AA024E12BC0117000E76693 /* StoreItem.swift in Sources */ = {isa = PBXBuildFile; fileRef = 2AA024E02BC0117000E76693 /* StoreItem.swift */; };
		2AA024E42BC032E500E76693 /* APIRequest.swift in Sources */ = {isa = PBXBuildFile; fileRef = 2AA024E32BC032E500E76693 /* APIRequest.swift */; };
		2AA024E62BC0336D00E76693 /* Endpoints.swift in Sources */ = {isa = PBXBuildFile; fileRef = 2AA024E52BC0336D00E76693 /* Endpoints.swift */; };
		2AA024E82BC03F5700E76693 /* APIService.swift in Sources */ = {isa = PBXBuildFile; fileRef = 2AA024E72BC03F5700E76693 /* APIService.swift */; };
		2AA024EA2BC03FF200E76693 /* SearchResponse.swift in Sources */ = {isa = PBXBuildFile; fileRef = 2AA024E92BC03FF200E76693 /* SearchResponse.swift */; };
		2AA024EC2BC0610200E76693 /* MainCollectionViewCell.swift in Sources */ = {isa = PBXBuildFile; fileRef = 2AA024EB2BC0610200E76693 /* MainCollectionViewCell.swift */; };
		2AA024F22BC0639800E76693 /* UIImage+Extension.swift in Sources */ = {isa = PBXBuildFile; fileRef = 2AA024F12BC0639800E76693 /* UIImage+Extension.swift */; };
		2AA024F42BC096E500E76693 /* UIView+Extensions.swift in Sources */ = {isa = PBXBuildFile; fileRef = 2AA024F32BC096E500E76693 /* UIView+Extensions.swift */; };
		2AA024F62BC097FC00E76693 /* PrepareView.swift in Sources */ = {isa = PBXBuildFile; fileRef = 2AA024F52BC097FC00E76693 /* PrepareView.swift */; };
		2AA024FC2BC0A6ED00E76693 /* NavigationController.swift in Sources */ = {isa = PBXBuildFile; fileRef = 2AA024FB2BC0A6ED00E76693 /* NavigationController.swift */; };
		2AB268082BC9560900614982 /* CollectionViewControllerBuilder.swift in Sources */ = {isa = PBXBuildFile; fileRef = 2AB268072BC9560900614982 /* CollectionViewControllerBuilder.swift */; };
		2AB2680A2BC9565100614982 /* ItemDisplaying.swift in Sources */ = {isa = PBXBuildFile; fileRef = 2AB268092BC9565100614982 /* ItemDisplaying.swift */; };
		2AB2680E2BC9775300614982 /* Loader.swift in Sources */ = {isa = PBXBuildFile; fileRef = 2AB2680D2BC9775300614982 /* Loader.swift */; };
		2AC8EAAC2BCDA00D00B0647B /* ErrorView.swift in Sources */ = {isa = PBXBuildFile; fileRef = 2AC8EAAB2BCDA00D00B0647B /* ErrorView.swift */; };
/* End PBXBuildFile section */

/* Begin PBXFileReference section */
		2A11658D2BCFE2AC008C5887 /* MainCollectionViewController+DataSource.swift */ = {isa = PBXFileReference; lastKnownFileType = sourcecode.swift; path = "MainCollectionViewController+DataSource.swift"; sourceTree = "<group>"; };
		2A3DEAFF2BCBE31300D8361E /* SearchController.swift */ = {isa = PBXFileReference; lastKnownFileType = sourcecode.swift; path = SearchController.swift; sourceTree = "<group>"; };
		2A3DEB012BCBF06E00D8361E /* QueryItems.swift */ = {isa = PBXFileReference; lastKnownFileType = sourcecode.swift; path = QueryItems.swift; sourceTree = "<group>"; };
		2A3DEB032BCBF09400D8361E /* SearchRepositoryDelegate.swift */ = {isa = PBXFileReference; lastKnownFileType = sourcecode.swift; path = SearchRepositoryDelegate.swift; sourceTree = "<group>"; };
		2A3DEB052BCBF0A800D8361E /* SearchRepository.swift */ = {isa = PBXFileReference; lastKnownFileType = sourcecode.swift; path = SearchRepository.swift; sourceTree = "<group>"; };
		2A3DEB072BCBF10E00D8361E /* SearchBarTextDelegate.swift */ = {isa = PBXFileReference; lastKnownFileType = sourcecode.swift; path = SearchBarTextDelegate.swift; sourceTree = "<group>"; };
		2A42F7EC2BC6A7590086D6F9 /* APIError.swift */ = {isa = PBXFileReference; lastKnownFileType = sourcecode.swift; path = APIError.swift; sourceTree = "<group>"; };
		2A7864662BD15E410085A764 /* StateManager.swift */ = {isa = PBXFileReference; lastKnownFileType = sourcecode.swift; path = StateManager.swift; sourceTree = "<group>"; };
		2A7BC4292BC140D100022ACC /* ResultCollectionViewController.swift */ = {isa = PBXFileReference; lastKnownFileType = sourcecode.swift; path = ResultCollectionViewController.swift; sourceTree = "<group>"; };
		2A9E09B52BD7D07E00834C6E /* ErrorContext.swift */ = {isa = PBXFileReference; lastKnownFileType = sourcecode.swift; path = ErrorContext.swift; sourceTree = "<group>"; };
		2AA024BE2BBFC29200E76693 /* iTunesApp.app */ = {isa = PBXFileReference; explicitFileType = wrapper.application; includeInIndex = 0; path = iTunesApp.app; sourceTree = BUILT_PRODUCTS_DIR; };
		2AA024C12BBFC29200E76693 /* AppDelegate.swift */ = {isa = PBXFileReference; lastKnownFileType = sourcecode.swift; path = AppDelegate.swift; sourceTree = "<group>"; };
		2AA024C32BBFC29200E76693 /* SceneDelegate.swift */ = {isa = PBXFileReference; lastKnownFileType = sourcecode.swift; path = SceneDelegate.swift; sourceTree = "<group>"; };
		2AA024C52BBFC29200E76693 /* MainCollectionViewController.swift */ = {isa = PBXFileReference; lastKnownFileType = sourcecode.swift; path = MainCollectionViewController.swift; sourceTree = "<group>"; };
		2AA024CA2BBFC29300E76693 /* Assets.xcassets */ = {isa = PBXFileReference; lastKnownFileType = folder.assetcatalog; path = Assets.xcassets; sourceTree = "<group>"; };
		2AA024CD2BBFC29300E76693 /* Base */ = {isa = PBXFileReference; lastKnownFileType = file.storyboard; name = Base; path = Base.lproj/LaunchScreen.storyboard; sourceTree = "<group>"; };
		2AA024CF2BBFC29300E76693 /* Info.plist */ = {isa = PBXFileReference; lastKnownFileType = text.plist.xml; path = Info.plist; sourceTree = "<group>"; };
		2AA024D52BBFC2A900E76693 /* .gitignore */ = {isa = PBXFileReference; lastKnownFileType = text; path = .gitignore; sourceTree = "<group>"; };
		2AA024DC2BBFCD5D00E76693 /* SearchScope.swift */ = {isa = PBXFileReference; lastKnownFileType = sourcecode.swift; path = SearchScope.swift; sourceTree = "<group>"; };
		2AA024E02BC0117000E76693 /* StoreItem.swift */ = {isa = PBXFileReference; lastKnownFileType = sourcecode.swift; path = StoreItem.swift; sourceTree = "<group>"; };
		2AA024E32BC032E500E76693 /* APIRequest.swift */ = {isa = PBXFileReference; lastKnownFileType = sourcecode.swift; path = APIRequest.swift; sourceTree = "<group>"; };
		2AA024E52BC0336D00E76693 /* Endpoints.swift */ = {isa = PBXFileReference; lastKnownFileType = sourcecode.swift; path = Endpoints.swift; sourceTree = "<group>"; };
		2AA024E72BC03F5700E76693 /* APIService.swift */ = {isa = PBXFileReference; lastKnownFileType = sourcecode.swift; path = APIService.swift; sourceTree = "<group>"; };
		2AA024E92BC03FF200E76693 /* SearchResponse.swift */ = {isa = PBXFileReference; lastKnownFileType = sourcecode.swift; path = SearchResponse.swift; sourceTree = "<group>"; };
		2AA024EB2BC0610200E76693 /* MainCollectionViewCell.swift */ = {isa = PBXFileReference; lastKnownFileType = sourcecode.swift; path = MainCollectionViewCell.swift; sourceTree = "<group>"; };
		2AA024F12BC0639800E76693 /* UIImage+Extension.swift */ = {isa = PBXFileReference; lastKnownFileType = sourcecode.swift; path = "UIImage+Extension.swift"; sourceTree = "<group>"; };
		2AA024F32BC096E500E76693 /* UIView+Extensions.swift */ = {isa = PBXFileReference; lastKnownFileType = sourcecode.swift; path = "UIView+Extensions.swift"; sourceTree = "<group>"; };
		2AA024F52BC097FC00E76693 /* PrepareView.swift */ = {isa = PBXFileReference; lastKnownFileType = sourcecode.swift; path = PrepareView.swift; sourceTree = "<group>"; };
		2AA024FB2BC0A6ED00E76693 /* NavigationController.swift */ = {isa = PBXFileReference; lastKnownFileType = sourcecode.swift; path = NavigationController.swift; sourceTree = "<group>"; };
		2AB268072BC9560900614982 /* CollectionViewControllerBuilder.swift */ = {isa = PBXFileReference; lastKnownFileType = sourcecode.swift; path = CollectionViewControllerBuilder.swift; sourceTree = "<group>"; };
		2AB268092BC9565100614982 /* ItemDisplaying.swift */ = {isa = PBXFileReference; lastKnownFileType = sourcecode.swift; path = ItemDisplaying.swift; sourceTree = "<group>"; };
		2AB2680D2BC9775300614982 /* Loader.swift */ = {isa = PBXFileReference; lastKnownFileType = sourcecode.swift; path = Loader.swift; sourceTree = "<group>"; };
		2AC8EAAB2BCDA00D00B0647B /* ErrorView.swift */ = {isa = PBXFileReference; lastKnownFileType = sourcecode.swift; path = ErrorView.swift; sourceTree = "<group>"; };
/* End PBXFileReference section */

/* Begin PBXFrameworksBuildPhase section */
		2AA024BB2BBFC29200E76693 /* Frameworks */ = {
			isa = PBXFrameworksBuildPhase;
			buildActionMask = 2147483647;
			files = (
			);
			runOnlyForDeploymentPostprocessing = 0;
		};
/* End PBXFrameworksBuildPhase section */

/* Begin PBXGroup section */
		2A3DEAFE2BCBE2DE00D8361E /* Search */ = {
			isa = PBXGroup;
			children = (
				2A3DEAFF2BCBE31300D8361E /* SearchController.swift */,
				2A7BC4292BC140D100022ACC /* ResultCollectionViewController.swift */,
			);
			path = Search;
			sourceTree = "<group>";
		};
		2A7BC42D2BC1A20900022ACC /* Base */ = {
			isa = PBXGroup;
			children = (
				2AA024FB2BC0A6ED00E76693 /* NavigationController.swift */,
				2AB2680D2BC9775300614982 /* Loader.swift */,
				2AC8EAAB2BCDA00D00B0647B /* ErrorView.swift */,
			);
			path = Base;
			sourceTree = "<group>";
		};
		2A9E09B22BD7CFCA00834C6E /* Helpers */ = {
			isa = PBXGroup;
			children = (
				2A7864662BD15E410085A764 /* StateManager.swift */,
				2A3DEB052BCBF0A800D8361E /* SearchRepository.swift */,
				2A9E09B52BD7D07E00834C6E /* ErrorContext.swift */,
			);
			path = Helpers;
			sourceTree = "<group>";
		};
		2AA024B52BBFC29100E76693 = {
			isa = PBXGroup;
			children = (
				2AA024D52BBFC2A900E76693 /* .gitignore */,
				2AA024C02BBFC29200E76693 /* iTunesApp */,
				2AA024BF2BBFC29200E76693 /* Products */,
			);
			sourceTree = "<group>";
		};
		2AA024BF2BBFC29200E76693 /* Products */ = {
			isa = PBXGroup;
			children = (
				2AA024BE2BBFC29200E76693 /* iTunesApp.app */,
			);
			name = Products;
			sourceTree = "<group>";
		};
		2AA024C02BBFC29200E76693 /* iTunesApp */ = {
			isa = PBXGroup;
			children = (
				2AA024DA2BBFCCF900E76693 /* Application */,
				2AA024D92BBFCCEF00E76693 /* Assets */,
				2AA024D72BBFCCBD00E76693 /* Bootstrap */,
				2AA024DB2BBFCD4100E76693 /* Models */,
				2AA024D82BBFCCE100E76693 /* SupportingFiles */,
			);
			path = iTunesApp;
			sourceTree = "<group>";
		};
		2AA024D72BBFCCBD00E76693 /* Bootstrap */ = {
			isa = PBXGroup;
			children = (
				2AA024C12BBFC29200E76693 /* AppDelegate.swift */,
				2AA024C32BBFC29200E76693 /* SceneDelegate.swift */,
				2AA024CC2BBFC29300E76693 /* LaunchScreen.storyboard */,
			);
			path = Bootstrap;
			sourceTree = "<group>";
		};
		2AA024D82BBFCCE100E76693 /* SupportingFiles */ = {
			isa = PBXGroup;
			children = (
				2AA024CF2BBFC29300E76693 /* Info.plist */,
			);
			path = SupportingFiles;
			sourceTree = "<group>";
		};
		2AA024D92BBFCCEF00E76693 /* Assets */ = {
			isa = PBXGroup;
			children = (
				2AA024CA2BBFC29300E76693 /* Assets.xcassets */,
			);
			path = Assets;
			sourceTree = "<group>";
		};
		2AA024DA2BBFCCF900E76693 /* Application */ = {
			isa = PBXGroup;
			children = (
				2A9E09B22BD7CFCA00834C6E /* Helpers */,
				2A7BC42D2BC1A20900022ACC /* Base */,
				2AA024DE2BBFD32B00E76693 /* Main */,
				2A3DEAFE2BCBE2DE00D8361E /* Search */,
				2AA024ED2BC0612C00E76693 /* Protocols */,
				2AA024F02BC0638900E76693 /* Extensions */,
				2AA024E22BC032C800E76693 /* Networking */,
			);
			path = Application;
			sourceTree = "<group>";
		};
		2AA024DB2BBFCD4100E76693 /* Models */ = {
			isa = PBXGroup;
			children = (
				2AA024E92BC03FF200E76693 /* SearchResponse.swift */,
				2AA024DC2BBFCD5D00E76693 /* SearchScope.swift */,
				2A3DEB012BCBF06E00D8361E /* QueryItems.swift */,
				2AA024E02BC0117000E76693 /* StoreItem.swift */,
			);
			path = Models;
			sourceTree = "<group>";
		};
		2AA024DE2BBFD32B00E76693 /* Main */ = {
			isa = PBXGroup;
			children = (
				2AA024C52BBFC29200E76693 /* MainCollectionViewController.swift */,
				2AA024EB2BC0610200E76693 /* MainCollectionViewCell.swift */,
				2A11658D2BCFE2AC008C5887 /* MainCollectionViewController+DataSource.swift */,
			);
			path = Main;
			sourceTree = "<group>";
		};
		2AA024E22BC032C800E76693 /* Networking */ = {
			isa = PBXGroup;
			children = (
				2AA024E32BC032E500E76693 /* APIRequest.swift */,
				2AA024E52BC0336D00E76693 /* Endpoints.swift */,
				2AA024E72BC03F5700E76693 /* APIService.swift */,
				2A42F7EC2BC6A7590086D6F9 /* APIError.swift */,
			);
			path = Networking;
			sourceTree = "<group>";
		};
		2AA024ED2BC0612C00E76693 /* Protocols */ = {
			isa = PBXGroup;
			children = (
				2AA024F52BC097FC00E76693 /* PrepareView.swift */,
				2AB268072BC9560900614982 /* CollectionViewControllerBuilder.swift */,
				2AB268092BC9565100614982 /* ItemDisplaying.swift */,
				2A3DEB032BCBF09400D8361E /* SearchRepositoryDelegate.swift */,
				2A3DEB072BCBF10E00D8361E /* SearchBarTextDelegate.swift */,
			);
			path = Protocols;
			sourceTree = "<group>";
		};
		2AA024F02BC0638900E76693 /* Extensions */ = {
			isa = PBXGroup;
			children = (
				2AA024F12BC0639800E76693 /* UIImage+Extension.swift */,
				2AA024F32BC096E500E76693 /* UIView+Extensions.swift */,
			);
			path = Extensions;
			sourceTree = "<group>";
		};
/* End PBXGroup section */

/* Begin PBXNativeTarget section */
		2AA024BD2BBFC29200E76693 /* iTunesApp */ = {
			isa = PBXNativeTarget;
			buildConfigurationList = 2AA024D22BBFC29300E76693 /* Build configuration list for PBXNativeTarget "iTunesApp" */;
			buildPhases = (
				2AA024BA2BBFC29200E76693 /* Sources */,
				2AA024BB2BBFC29200E76693 /* Frameworks */,
				2AA024BC2BBFC29200E76693 /* Resources */,
			);
			buildRules = (
			);
			dependencies = (
			);
			name = iTunesApp;
			productName = iTunesApp;
			productReference = 2AA024BE2BBFC29200E76693 /* iTunesApp.app */;
			productType = "com.apple.product-type.application";
		};
/* End PBXNativeTarget section */

/* Begin PBXProject section */
		2AA024B62BBFC29100E76693 /* Project object */ = {
			isa = PBXProject;
			attributes = {
				BuildIndependentTargetsInParallel = 1;
				LastSwiftUpdateCheck = 1500;
				LastUpgradeCheck = 1500;
				TargetAttributes = {
					2AA024BD2BBFC29200E76693 = {
						CreatedOnToolsVersion = 15.0;
					};
				};
			};
			buildConfigurationList = 2AA024B92BBFC29100E76693 /* Build configuration list for PBXProject "iTunesApp" */;
			compatibilityVersion = "Xcode 14.0";
			developmentRegion = en;
			hasScannedForEncodings = 0;
			knownRegions = (
				en,
				Base,
			);
			mainGroup = 2AA024B52BBFC29100E76693;
			productRefGroup = 2AA024BF2BBFC29200E76693 /* Products */;
			projectDirPath = "";
			projectRoot = "";
			targets = (
				2AA024BD2BBFC29200E76693 /* iTunesApp */,
			);
		};
/* End PBXProject section */

/* Begin PBXResourcesBuildPhase section */
		2AA024BC2BBFC29200E76693 /* Resources */ = {
			isa = PBXResourcesBuildPhase;
			buildActionMask = 2147483647;
			files = (
				2AA024D62BBFC2A900E76693 /* .gitignore in Resources */,
				2AA024CE2BBFC29300E76693 /* LaunchScreen.storyboard in Resources */,
				2AA024CB2BBFC29300E76693 /* Assets.xcassets in Resources */,
			);
			runOnlyForDeploymentPostprocessing = 0;
		};
/* End PBXResourcesBuildPhase section */

/* Begin PBXSourcesBuildPhase section */
		2AA024BA2BBFC29200E76693 /* Sources */ = {
			isa = PBXSourcesBuildPhase;
			buildActionMask = 2147483647;
			files = (
				2AA024DD2BBFCD5D00E76693 /* SearchScope.swift in Sources */,
				2A3DEB042BCBF09400D8361E /* SearchRepositoryDelegate.swift in Sources */,
				2A11658E2BCFE2AC008C5887 /* MainCollectionViewController+DataSource.swift in Sources */,
				2AA024E12BC0117000E76693 /* StoreItem.swift in Sources */,
				2AB268082BC9560900614982 /* CollectionViewControllerBuilder.swift in Sources */,
				2AB2680A2BC9565100614982 /* ItemDisplaying.swift in Sources */,
				2AA024F22BC0639800E76693 /* UIImage+Extension.swift in Sources */,
				2A7864672BD15E410085A764 /* StateManager.swift in Sources */,
				2AA024C62BBFC29200E76693 /* MainCollectionViewController.swift in Sources */,
				2AA024E62BC0336D00E76693 /* Endpoints.swift in Sources */,
				2AC8EAAC2BCDA00D00B0647B /* ErrorView.swift in Sources */,
				2A42F7ED2BC6A7590086D6F9 /* APIError.swift in Sources */,
				2AA024F62BC097FC00E76693 /* PrepareView.swift in Sources */,
				2AB2680E2BC9775300614982 /* Loader.swift in Sources */,
				2AA024C22BBFC29200E76693 /* AppDelegate.swift in Sources */,
				2AA024F42BC096E500E76693 /* UIView+Extensions.swift in Sources */,
				2AA024EC2BC0610200E76693 /* MainCollectionViewCell.swift in Sources */,
				2A3DEB002BCBE31300D8361E /* SearchController.swift in Sources */,
				2AA024FC2BC0A6ED00E76693 /* NavigationController.swift in Sources */,
				2A3DEB062BCBF0A800D8361E /* SearchRepository.swift in Sources */,
				2AA024E42BC032E500E76693 /* APIRequest.swift in Sources */,
				2A3DEB082BCBF10E00D8361E /* SearchBarTextDelegate.swift in Sources */,
				2A3DEB022BCBF06E00D8361E /* QueryItems.swift in Sources */,
				2AA024E82BC03F5700E76693 /* APIService.swift in Sources */,
				2A7BC42A2BC140D100022ACC /* ResultCollectionViewController.swift in Sources */,
				2A9E09B62BD7D07E00834C6E /* ErrorContext.swift in Sources */,
				2AA024C42BBFC29200E76693 /* SceneDelegate.swift in Sources */,
				2AA024EA2BC03FF200E76693 /* SearchResponse.swift in Sources */,
			);
			runOnlyForDeploymentPostprocessing = 0;
		};
/* End PBXSourcesBuildPhase section */

/* Begin PBXVariantGroup section */
		2AA024CC2BBFC29300E76693 /* LaunchScreen.storyboard */ = {
			isa = PBXVariantGroup;
			children = (
				2AA024CD2BBFC29300E76693 /* Base */,
			);
			name = LaunchScreen.storyboard;
			sourceTree = "<group>";
		};
/* End PBXVariantGroup section */

/* Begin XCBuildConfiguration section */
		2AA024D02BBFC29300E76693 /* Debug */ = {
			isa = XCBuildConfiguration;
			buildSettings = {
				ALWAYS_SEARCH_USER_PATHS = NO;
				ASSETCATALOG_COMPILER_GENERATE_SWIFT_ASSET_SYMBOL_EXTENSIONS = YES;
				CLANG_ANALYZER_NONNULL = YES;
				CLANG_ANALYZER_NUMBER_OBJECT_CONVERSION = YES_AGGRESSIVE;
				CLANG_CXX_LANGUAGE_STANDARD = "gnu++20";
				CLANG_ENABLE_MODULES = YES;
				CLANG_ENABLE_OBJC_ARC = YES;
				CLANG_ENABLE_OBJC_WEAK = YES;
				CLANG_WARN_BLOCK_CAPTURE_AUTORELEASING = YES;
				CLANG_WARN_BOOL_CONVERSION = YES;
				CLANG_WARN_COMMA = YES;
				CLANG_WARN_CONSTANT_CONVERSION = YES;
				CLANG_WARN_DEPRECATED_OBJC_IMPLEMENTATIONS = YES;
				CLANG_WARN_DIRECT_OBJC_ISA_USAGE = YES_ERROR;
				CLANG_WARN_DOCUMENTATION_COMMENTS = YES;
				CLANG_WARN_EMPTY_BODY = YES;
				CLANG_WARN_ENUM_CONVERSION = YES;
				CLANG_WARN_INFINITE_RECURSION = YES;
				CLANG_WARN_INT_CONVERSION = YES;
				CLANG_WARN_NON_LITERAL_NULL_CONVERSION = YES;
				CLANG_WARN_OBJC_IMPLICIT_RETAIN_SELF = YES;
				CLANG_WARN_OBJC_LITERAL_CONVERSION = YES;
				CLANG_WARN_OBJC_ROOT_CLASS = YES_ERROR;
				CLANG_WARN_QUOTED_INCLUDE_IN_FRAMEWORK_HEADER = YES;
				CLANG_WARN_RANGE_LOOP_ANALYSIS = YES;
				CLANG_WARN_STRICT_PROTOTYPES = YES;
				CLANG_WARN_SUSPICIOUS_MOVE = YES;
				CLANG_WARN_UNGUARDED_AVAILABILITY = YES_AGGRESSIVE;
				CLANG_WARN_UNREACHABLE_CODE = YES;
				CLANG_WARN__DUPLICATE_METHOD_MATCH = YES;
				COPY_PHASE_STRIP = NO;
				DEBUG_INFORMATION_FORMAT = dwarf;
				ENABLE_STRICT_OBJC_MSGSEND = YES;
				ENABLE_TESTABILITY = YES;
				ENABLE_USER_SCRIPT_SANDBOXING = YES;
				GCC_C_LANGUAGE_STANDARD = gnu17;
				GCC_DYNAMIC_NO_PIC = NO;
				GCC_NO_COMMON_BLOCKS = YES;
				GCC_OPTIMIZATION_LEVEL = 0;
				GCC_PREPROCESSOR_DEFINITIONS = (
					"DEBUG=1",
					"$(inherited)",
				);
				GCC_WARN_64_TO_32_BIT_CONVERSION = YES;
				GCC_WARN_ABOUT_RETURN_TYPE = YES_ERROR;
				GCC_WARN_UNDECLARED_SELECTOR = YES;
				GCC_WARN_UNINITIALIZED_AUTOS = YES_AGGRESSIVE;
				GCC_WARN_UNUSED_FUNCTION = YES;
				GCC_WARN_UNUSED_VARIABLE = YES;
				IPHONEOS_DEPLOYMENT_TARGET = 17.0;
				LOCALIZATION_PREFERS_STRING_CATALOGS = YES;
				MTL_ENABLE_DEBUG_INFO = INCLUDE_SOURCE;
				MTL_FAST_MATH = YES;
				ONLY_ACTIVE_ARCH = YES;
				SDKROOT = iphoneos;
				SWIFT_ACTIVE_COMPILATION_CONDITIONS = "DEBUG $(inherited)";
				SWIFT_OPTIMIZATION_LEVEL = "-Onone";
			};
			name = Debug;
		};
		2AA024D12BBFC29300E76693 /* Release */ = {
			isa = XCBuildConfiguration;
			buildSettings = {
				ALWAYS_SEARCH_USER_PATHS = NO;
				ASSETCATALOG_COMPILER_GENERATE_SWIFT_ASSET_SYMBOL_EXTENSIONS = YES;
				CLANG_ANALYZER_NONNULL = YES;
				CLANG_ANALYZER_NUMBER_OBJECT_CONVERSION = YES_AGGRESSIVE;
				CLANG_CXX_LANGUAGE_STANDARD = "gnu++20";
				CLANG_ENABLE_MODULES = YES;
				CLANG_ENABLE_OBJC_ARC = YES;
				CLANG_ENABLE_OBJC_WEAK = YES;
				CLANG_WARN_BLOCK_CAPTURE_AUTORELEASING = YES;
				CLANG_WARN_BOOL_CONVERSION = YES;
				CLANG_WARN_COMMA = YES;
				CLANG_WARN_CONSTANT_CONVERSION = YES;
				CLANG_WARN_DEPRECATED_OBJC_IMPLEMENTATIONS = YES;
				CLANG_WARN_DIRECT_OBJC_ISA_USAGE = YES_ERROR;
				CLANG_WARN_DOCUMENTATION_COMMENTS = YES;
				CLANG_WARN_EMPTY_BODY = YES;
				CLANG_WARN_ENUM_CONVERSION = YES;
				CLANG_WARN_INFINITE_RECURSION = YES;
				CLANG_WARN_INT_CONVERSION = YES;
				CLANG_WARN_NON_LITERAL_NULL_CONVERSION = YES;
				CLANG_WARN_OBJC_IMPLICIT_RETAIN_SELF = YES;
				CLANG_WARN_OBJC_LITERAL_CONVERSION = YES;
				CLANG_WARN_OBJC_ROOT_CLASS = YES_ERROR;
				CLANG_WARN_QUOTED_INCLUDE_IN_FRAMEWORK_HEADER = YES;
				CLANG_WARN_RANGE_LOOP_ANALYSIS = YES;
				CLANG_WARN_STRICT_PROTOTYPES = YES;
				CLANG_WARN_SUSPICIOUS_MOVE = YES;
				CLANG_WARN_UNGUARDED_AVAILABILITY = YES_AGGRESSIVE;
				CLANG_WARN_UNREACHABLE_CODE = YES;
				CLANG_WARN__DUPLICATE_METHOD_MATCH = YES;
				COPY_PHASE_STRIP = NO;
				DEBUG_INFORMATION_FORMAT = "dwarf-with-dsym";
				ENABLE_NS_ASSERTIONS = NO;
				ENABLE_STRICT_OBJC_MSGSEND = YES;
				ENABLE_USER_SCRIPT_SANDBOXING = YES;
				GCC_C_LANGUAGE_STANDARD = gnu17;
				GCC_NO_COMMON_BLOCKS = YES;
				GCC_WARN_64_TO_32_BIT_CONVERSION = YES;
				GCC_WARN_ABOUT_RETURN_TYPE = YES_ERROR;
				GCC_WARN_UNDECLARED_SELECTOR = YES;
				GCC_WARN_UNINITIALIZED_AUTOS = YES_AGGRESSIVE;
				GCC_WARN_UNUSED_FUNCTION = YES;
				GCC_WARN_UNUSED_VARIABLE = YES;
				IPHONEOS_DEPLOYMENT_TARGET = 17.0;
				LOCALIZATION_PREFERS_STRING_CATALOGS = YES;
				MTL_ENABLE_DEBUG_INFO = NO;
				MTL_FAST_MATH = YES;
				SDKROOT = iphoneos;
				SWIFT_COMPILATION_MODE = wholemodule;
				VALIDATE_PRODUCT = YES;
			};
			name = Release;
		};
		2AA024D32BBFC29300E76693 /* Debug */ = {
			isa = XCBuildConfiguration;
			buildSettings = {
				ASSETCATALOG_COMPILER_APPICON_NAME = AppIcon;
				ASSETCATALOG_COMPILER_GLOBAL_ACCENT_COLOR_NAME = AccentColor;
				CODE_SIGN_STYLE = Automatic;
				CURRENT_PROJECT_VERSION = 1;
				DEVELOPMENT_TEAM = H94WDCFCK6;
				GENERATE_INFOPLIST_FILE = YES;
				INFOPLIST_FILE = iTunesApp/SupportingFiles/Info.plist;
				INFOPLIST_KEY_UIApplicationSupportsIndirectInputEvents = YES;
				INFOPLIST_KEY_UILaunchStoryboardName = LaunchScreen;
				INFOPLIST_KEY_UISupportedInterfaceOrientations_iPad = "UIInterfaceOrientationPortrait UIInterfaceOrientationPortraitUpsideDown UIInterfaceOrientationLandscapeLeft UIInterfaceOrientationLandscapeRight";
				INFOPLIST_KEY_UISupportedInterfaceOrientations_iPhone = "UIInterfaceOrientationPortrait UIInterfaceOrientationLandscapeLeft UIInterfaceOrientationLandscapeRight";
				LD_RUNPATH_SEARCH_PATHS = (
					"$(inherited)",
					"@executable_path/Frameworks",
				);
				MARKETING_VERSION = 1.0;
				PRODUCT_BUNDLE_IDENTIFIER = com.alekseev.oleg.iTunesApp;
				PRODUCT_NAME = "$(TARGET_NAME)";
				SWIFT_EMIT_LOC_STRINGS = YES;
				SWIFT_VERSION = 5.0;
				TARGETED_DEVICE_FAMILY = "1,2";
			};
			name = Debug;
		};
		2AA024D42BBFC29300E76693 /* Release */ = {
			isa = XCBuildConfiguration;
			buildSettings = {
				ASSETCATALOG_COMPILER_APPICON_NAME = AppIcon;
				ASSETCATALOG_COMPILER_GLOBAL_ACCENT_COLOR_NAME = AccentColor;
				CODE_SIGN_STYLE = Automatic;
				CURRENT_PROJECT_VERSION = 1;
				DEVELOPMENT_TEAM = H94WDCFCK6;
				GENERATE_INFOPLIST_FILE = YES;
				INFOPLIST_FILE = iTunesApp/SupportingFiles/Info.plist;
				INFOPLIST_KEY_UIApplicationSupportsIndirectInputEvents = YES;
				INFOPLIST_KEY_UILaunchStoryboardName = LaunchScreen;
				INFOPLIST_KEY_UISupportedInterfaceOrientations_iPad = "UIInterfaceOrientationPortrait UIInterfaceOrientationPortraitUpsideDown UIInterfaceOrientationLandscapeLeft UIInterfaceOrientationLandscapeRight";
				INFOPLIST_KEY_UISupportedInterfaceOrientations_iPhone = "UIInterfaceOrientationPortrait UIInterfaceOrientationLandscapeLeft UIInterfaceOrientationLandscapeRight";
				LD_RUNPATH_SEARCH_PATHS = (
					"$(inherited)",
					"@executable_path/Frameworks",
				);
				MARKETING_VERSION = 1.0;
				PRODUCT_BUNDLE_IDENTIFIER = com.alekseev.oleg.iTunesApp;
				PRODUCT_NAME = "$(TARGET_NAME)";
				SWIFT_EMIT_LOC_STRINGS = YES;
				SWIFT_VERSION = 5.0;
				TARGETED_DEVICE_FAMILY = "1,2";
			};
			name = Release;
		};
/* End XCBuildConfiguration section */

/* Begin XCConfigurationList section */
		2AA024B92BBFC29100E76693 /* Build configuration list for PBXProject "iTunesApp" */ = {
			isa = XCConfigurationList;
			buildConfigurations = (
				2AA024D02BBFC29300E76693 /* Debug */,
				2AA024D12BBFC29300E76693 /* Release */,
			);
			defaultConfigurationIsVisible = 0;
			defaultConfigurationName = Release;
		};
		2AA024D22BBFC29300E76693 /* Build configuration list for PBXNativeTarget "iTunesApp" */ = {
			isa = XCConfigurationList;
			buildConfigurations = (
				2AA024D32BBFC29300E76693 /* Debug */,
				2AA024D42BBFC29300E76693 /* Release */,
			);
			defaultConfigurationIsVisible = 0;
			defaultConfigurationName = Release;
		};
/* End XCConfigurationList section */
	};
	rootObject = 2AA024B62BBFC29100E76693 /* Project object */;
}
